
Microsoft Visual Studio Solution File, Format Version 12.00
# Visual Studio Version 17
VisualStudioVersion = 17.9.34728.123
MinimumVisualStudioVersion = 10.0.40219.1
Project("{2150E333-8FDC-42A3-9474-1A3956D46DE8}") = "src", "src", "{B52FD765-2854-42DE-89F8-EB76ADC4D119}"
EndProject
Project("{2150E333-8FDC-42A3-9474-1A3956D46DE8}") = "Core", "Core", "{DCC475CB-A53E-4F7E-8E2C-BA776810CE81}"
EndProject
Project("{FAE04EC0-301F-11D3-BF4B-00C04F79EFBC}") = "Domain", "Domain\Domain.csproj", "{80AA9FC0-E173-42D0-B4FA-0051D1892B3D}"
EndProject
Project("{FAE04EC0-301F-11D3-BF4B-00C04F79EFBC}") = "Application", "Application\Application.csproj", "{7009E4B5-A080-4C42-A5D7-E558716067CB}"
EndProject
Project("{FAE04EC0-301F-11D3-BF4B-00C04F79EFBC}") = "Infrastructure", "Infrastructure\Infrastructure.csproj", "{DFC5A139-5415-4E63-9E61-B835D8B31D05}"
EndProject
Project("{FAE04EC0-301F-11D3-BF4B-00C04F79EFBC}") = "Host", "Host\Host.csproj", "{76390E77-14D1-4E6C-B8F5-2FFB283F610E}"
EndProject
Project("{2150E333-8FDC-42A3-9474-1A3956D46DE8}") = "tests", "tests", "{3DBFC02A-24E4-46B5-B793-6B27C697BC26}"
EndProject
Global
	GlobalSection(SolutionConfigurationPlatforms) = preSolution
		Debug|Any CPU = Debug|Any CPU
		Release|Any CPU = Release|Any CPU
	EndGlobalSection
	GlobalSection(ProjectConfigurationPlatforms) = postSolution
		{80AA9FC0-E173-42D0-B4FA-0051D1892B3D}.Debug|Any CPU.ActiveCfg = Debug|Any CPU
		{80AA9FC0-E173-42D0-B4FA-0051D1892B3D}.Debug|Any CPU.Build.0 = Debug|Any CPU
		{80AA9FC0-E173-42D0-B4FA-0051D1892B3D}.Release|Any CPU.ActiveCfg = Release|Any CPU
		{80AA9FC0-E173-42D0-B4FA-0051D1892B3D}.Release|Any CPU.Build.0 = Release|Any CPU
		{7009E4B5-A080-4C42-A5D7-E558716067CB}.Debug|Any CPU.ActiveCfg = Debug|Any CPU
		{7009E4B5-A080-4C42-A5D7-E558716067CB}.Debug|Any CPU.Build.0 = Debug|Any CPU
		{7009E4B5-A080-4C42-A5D7-E558716067CB}.Release|Any CPU.ActiveCfg = Release|Any CPU
		{7009E4B5-A080-4C42-A5D7-E558716067CB}.Release|Any CPU.Build.0 = Release|Any CPU
		{DFC5A139-5415-4E63-9E61-B835D8B31D05}.Debug|Any CPU.ActiveCfg = Debug|Any CPU
		{DFC5A139-5415-4E63-9E61-B835D8B31D05}.Debug|Any CPU.Build.0 = Debug|Any CPU
		{DFC5A139-5415-4E63-9E61-B835D8B31D05}.Release|Any CPU.ActiveCfg = Release|Any CPU
		{DFC5A139-5415-4E63-9E61-B835D8B31D05}.Release|Any CPU.Build.0 = Release|Any CPU
		{76390E77-14D1-4E6C-B8F5-2FFB283F610E}.Debug|Any CPU.ActiveCfg = Debug|Any CPU
		{76390E77-14D1-4E6C-B8F5-2FFB283F610E}.Debug|Any CPU.Build.0 = Debug|Any CPU
		{76390E77-14D1-4E6C-B8F5-2FFB283F610E}.Release|Any CPU.ActiveCfg = Release|Any CPU
		{76390E77-14D1-4E6C-B8F5-2FFB283F610E}.Release|Any CPU.Build.0 = Release|Any CPU
	EndGlobalSection
	GlobalSection(SolutionProperties) = preSolution
		HideSolutionNode = FALSE
	EndGlobalSection
	GlobalSection(NestedProjects) = preSolution
		{DCC475CB-A53E-4F7E-8E2C-BA776810CE81} = {B52FD765-2854-42DE-89F8-EB76ADC4D119}
		{80AA9FC0-E173-42D0-B4FA-0051D1892B3D} = {DCC475CB-A53E-4F7E-8E2C-BA776810CE81}
		{7009E4B5-A080-4C42-A5D7-E558716067CB} = {DCC475CB-A53E-4F7E-8E2C-BA776810CE81}
		{DFC5A139-5415-4E63-9E61-B835D8B31D05} = {B52FD765-2854-42DE-89F8-EB76ADC4D119}
		{76390E77-14D1-4E6C-B8F5-2FFB283F610E} = {B52FD765-2854-42DE-89F8-EB76ADC4D119}
	EndGlobalSection
	GlobalSection(ExtensibilityGlobals) = postSolution
		SolutionGuid = {78138B60-FA36-4A23-8316-96CF244B8AE0}
	EndGlobalSection
EndGlobal
